
Microsoft Visual Studio Solution File, Format Version 12.00
# Visual Studio 15
VisualStudioVersion = 15.0.27428.2037
MinimumVisualStudioVersion = 10.0.40219.1
Project("{9A19103F-16F7-4668-BE54-9A1E7A4F7556}") = "DevChatter.GameTracker.Core", "DevChatter.GameTracker.Core\DevChatter.GameTracker.Core.csproj", "{AD5A4CA1-014D-4F3E-97FD-933E1CE287F6}"
EndProject
Project("{9A19103F-16F7-4668-BE54-9A1E7A4F7556}") = "DevChatter.GameTracker.Data.Ef", "DevChatter.GameTracker.Data.Ef\DevChatter.GameTracker.Data.Ef.csproj", "{0D0A75C8-AFB4-4474-9DB3-030F0B47C7B5}"
EndProject
Project("{9A19103F-16F7-4668-BE54-9A1E7A4F7556}") = "DevChatter.GameTracker.Infra.Bgg", "DevChatter.GameTracker.Infra.Bgg\DevChatter.GameTracker.Infra.Bgg.csproj", "{3E3413CC-6F52-45E7-AC5B-B472E52DDB80}"
EndProject
Project("{9A19103F-16F7-4668-BE54-9A1E7A4F7556}") = "DevChatter.GameTracker.UnitTests", "DevChatter.GameTracker.UnitTests\DevChatter.GameTracker.UnitTests.csproj", "{C0551D25-1EEE-4C69-9556-CD498599200A}"
EndProject
Project("{9A19103F-16F7-4668-BE54-9A1E7A4F7556}") = "DevChatter.GameTracker.Web", "DevChatter.GameTracker.Web\DevChatter.GameTracker.Web.csproj", "{8BC85856-C67E-468F-9E97-3FA40B2849D2}"
EndProject
Global
	GlobalSection(SolutionConfigurationPlatforms) = preSolution
		Debug|Any CPU = Debug|Any CPU
		Release|Any CPU = Release|Any CPU
	EndGlobalSection
	GlobalSection(ProjectConfigurationPlatforms) = postSolution
		{AD5A4CA1-014D-4F3E-97FD-933E1CE287F6}.Debug|Any CPU.ActiveCfg = Debug|Any CPU
		{AD5A4CA1-014D-4F3E-97FD-933E1CE287F6}.Debug|Any CPU.Build.0 = Debug|Any CPU
		{AD5A4CA1-014D-4F3E-97FD-933E1CE287F6}.Release|Any CPU.ActiveCfg = Release|Any CPU
		{AD5A4CA1-014D-4F3E-97FD-933E1CE287F6}.Release|Any CPU.Build.0 = Release|Any CPU
		{0D0A75C8-AFB4-4474-9DB3-030F0B47C7B5}.Debug|Any CPU.ActiveCfg = Debug|Any CPU
		{0D0A75C8-AFB4-4474-9DB3-030F0B47C7B5}.Debug|Any CPU.Build.0 = Debug|Any CPU
		{0D0A75C8-AFB4-4474-9DB3-030F0B47C7B5}.Release|Any CPU.ActiveCfg = Release|Any CPU
		{0D0A75C8-AFB4-4474-9DB3-030F0B47C7B5}.Release|Any CPU.Build.0 = Release|Any CPU
		{3E3413CC-6F52-45E7-AC5B-B472E52DDB80}.Debug|Any CPU.ActiveCfg = Debug|Any CPU
		{3E3413CC-6F52-45E7-AC5B-B472E52DDB80}.Debug|Any CPU.Build.0 = Debug|Any CPU
		{3E3413CC-6F52-45E7-AC5B-B472E52DDB80}.Release|Any CPU.ActiveCfg = Release|Any CPU
		{3E3413CC-6F52-45E7-AC5B-B472E52DDB80}.Release|Any CPU.Build.0 = Release|Any CPU
		{C0551D25-1EEE-4C69-9556-CD498599200A}.Debug|Any CPU.ActiveCfg = Debug|Any CPU
		{C0551D25-1EEE-4C69-9556-CD498599200A}.Debug|Any CPU.Build.0 = Debug|Any CPU
		{C0551D25-1EEE-4C69-9556-CD498599200A}.Release|Any CPU.ActiveCfg = Release|Any CPU
		{C0551D25-1EEE-4C69-9556-CD498599200A}.Release|Any CPU.Build.0 = Release|Any CPU
		{8BC85856-C67E-468F-9E97-3FA40B2849D2}.Debug|Any CPU.ActiveCfg = Debug|Any CPU
		{8BC85856-C67E-468F-9E97-3FA40B2849D2}.Debug|Any CPU.Build.0 = Debug|Any CPU
		{8BC85856-C67E-468F-9E97-3FA40B2849D2}.Release|Any CPU.ActiveCfg = Release|Any CPU
		{8BC85856-C67E-468F-9E97-3FA40B2849D2}.Release|Any CPU.Build.0 = Release|Any CPU
	EndGlobalSection
	GlobalSection(SolutionProperties) = preSolution
		HideSolutionNode = FALSE
	EndGlobalSection
	GlobalSection(ExtensibilityGlobals) = postSolution
		SolutionGuid = {49710133-BED6-49BB-88A9-E1DF00E72E63}
	EndGlobalSection
EndGlobal
